PODS:
  - FBSnapshotTestCase (2.1.4):
    - FBSnapshotTestCase/SwiftSupport (= 2.1.4)
  - FBSnapshotTestCase/Core (2.1.4)
  - FBSnapshotTestCase/SwiftSupport (2.1.4):
    - FBSnapshotTestCase/Core
  - Nimble (7.0.3)
  - Nimble-Snapshots (6.3.0):
    - Nimble-Snapshots/Core (= 6.3.0)
  - Nimble-Snapshots/Core (6.3.0):
    - FBSnapshotTestCase (~> 2.0)
    - Nimble (~> 7.0)
  - Quick (1.2.0)
  - QuickLayout (1.0.13)
  - SwiftEntryKit (0.1.4):
    - QuickLayout (= 1.0.13)

DEPENDENCIES:
  - FBSnapshotTestCase (~> 2.1.4)
  - Nimble (~> 7.0.2)
  - Nimble-Snapshots (~> 6.3.0)
  - Quick (~> 1.2.0)
  - SwiftEntryKit (from `../`)

SPEC REPOS:
  https://github.com/cocoapods/specs.git:
    - FBSnapshotTestCase
    - Nimble
    - Nimble-Snapshots
    - Quick
    - QuickLayout

EXTERNAL SOURCES:
  SwiftEntryKit:
    :path: "../"

SPEC CHECKSUMS:
  FBSnapshotTestCase: 094f9f314decbabe373b87cc339bea235a63e07a
  Nimble: 7f5a9c447a33002645a071bddafbfb24ea70e0ac
  Nimble-Snapshots: f5459b5b091678dc942d03ec4741cacb58ba4a52
  Quick: 58d203b1c5e27fff7229c4c1ae445ad7069a7a08
  QuickLayout: caf28f8ead39ef0c2548aff46d50bc46b27aabfc
  SwiftEntryKit: 4f8cc41e13f737bee848e7720325d752d1eaaa4c

PODFILE CHECKSUM: ab9f6b6c11f2da19aefaa45a6dc1ec25a987268e

COCOAPODS: 1.5.2
