PODS:
  - Nimble (7.0.2)
  - Quick (1.2.0)
  - QuickLayout (2.0.2)
  - SwiftEntryKit (0.5.9):
    - QuickLayout (= 2.0.2)

DEPENDENCIES:
  - Nimble (= 7.0.2)
  - Quick (= 1.2.0)
  - SwiftEntryKit (from `../`)

SPEC REPOS:
  https://github.com/cocoapods/specs.git:
    - Nimble
    - Quick
    - QuickLayout

EXTERNAL SOURCES:
  SwiftEntryKit:
    :path: "../"

SPEC CHECKSUMS:
  Nimble: bfe1f814edabba69ff145cb1283e04ed636a67f2
  Quick: 58d203b1c5e27fff7229c4c1ae445ad7069a7a08
  QuickLayout: a730730b646b231fd4ef7cffaeb1e81fe0e1ca92
  SwiftEntryKit: 25030c650d0e21dfbfd2906965d32d3728fc5dc1

PODFILE CHECKSUM: edd6c2af5cc390dbf823427759474ab6c303ec9e

COCOAPODS: 1.5.3
