PODS:
  - Nimble (7.3.1)
  - Quick (1.3.2)
  - QuickLayout (2.1.0)
  - SwiftEntryKit (0.8.0):
    - QuickLayout (= 2.1.0)

DEPENDENCIES:
  - Nimble (= 7.3.1)
  - Quick (= 1.3.2)
  - SwiftEntryKit (from `../`)

SPEC REPOS:
  https://github.com/cocoapods/specs.git:
    - Nimble
    - Quick
    - QuickLayout

EXTERNAL SOURCES:
  SwiftEntryKit:
    :path: "../"

SPEC CHECKSUMS:
  Nimble: 04f732da099ea4d153122aec8c2a88fd0c7219ae
  Quick: 2623cb30d7a7f41ca62f684f679586558f483d46
  QuickLayout: 623b39cbbcbe0f29d0d7ad313f8b46c9da68494d
  SwiftEntryKit: 81c6d839704d5d0eeeee5cf8aaf18456bb1555d5

PODFILE CHECKSUM: bebf3cef20d24f5c1ea859b0e649573b6222aec0

COCOAPODS: 1.6.0.beta.1
