// !$*UTF8*$!
{
	archiveVersion = 1;
	classes = {
	};
	objectVersion = 46;
	objects = {

/* Begin PBXBuildFile section */
		14333AE3208FA09E00DCFC7B /* PresetDescription.swift in Sources */ = {isa = PBXBuildFile; fileRef = 14333AE2208FA09E00DCFC7B /* PresetDescription.swift */; };
		143F3AA22090A6A7009F3719 /* ShadowSelectionTableViewCell.swift in Sources */ = {isa = PBXBuildFile; fileRef = 143F3AA12090A6A7009F3719 /* ShadowSelectionTableViewCell.swift */; };
		143F3AA42090A70E009F3719 /* RoundCornersSelectionTableViewCell.swift in Sources */ = {isa = PBXBuildFile; fileRef = 143F3AA32090A70E009F3719 /* RoundCornersSelectionTableViewCell.swift */; };
		143F3AA62090AB50009F3719 /* Object+ClassName.swift in Sources */ = {isa = PBXBuildFile; fileRef = 143F3AA52090AB50009F3719 /* Object+ClassName.swift */; };
		143F3AAA2090AFB8009F3719 /* BackgroundStyleSelectionTableViewCell.swift in Sources */ = {isa = PBXBuildFile; fileRef = 143F3AA92090AFB8009F3719 /* BackgroundStyleSelectionTableViewCell.swift */; };
		143F3AAC2090B312009F3719 /* UserInteractionSelectionTableViewCell.swift in Sources */ = {isa = PBXBuildFile; fileRef = 143F3AAB2090B312009F3719 /* UserInteractionSelectionTableViewCell.swift */; };
		143F3AAE2090B4E2009F3719 /* HapticFeedbackSelectionTableViewCell.swift in Sources */ = {isa = PBXBuildFile; fileRef = 143F3AAD2090B4E2009F3719 /* HapticFeedbackSelectionTableViewCell.swift */; };
		143F3AB22090B7F0009F3719 /* ScrollSelectionTableViewCell.swift in Sources */ = {isa = PBXBuildFile; fileRef = 143F3AB12090B7F0009F3719 /* ScrollSelectionTableViewCell.swift */; };
		14665621209204A5008FB96D /* AnimationSelectionTableViewCell.swift in Sources */ = {isa = PBXBuildFile; fileRef = 14665620209204A5008FB96D /* AnimationSelectionTableViewCell.swift */; };
		147A9A612092682E00A49D7A /* SelectionHeaderView.swift in Sources */ = {isa = PBXBuildFile; fileRef = 147A9A602092682E00A49D7A /* SelectionHeaderView.swift */; };
		147A9A6320926A7500A49D7A /* MaxWidthSelectionTableViewCell.swift in Sources */ = {isa = PBXBuildFile; fileRef = 147A9A6220926A7500A49D7A /* MaxWidthSelectionTableViewCell.swift */; };
		147A9A6520926C5D00A49D7A /* HeightSelectionTableViewCell.swift in Sources */ = {isa = PBXBuildFile; fileRef = 147A9A6420926C5D00A49D7A /* HeightSelectionTableViewCell.swift */; };
		14A1AB3520930120001CA5B4 /* PresetsDataSource.swift in Sources */ = {isa = PBXBuildFile; fileRef = 14A1AB3420930120001CA5B4 /* PresetsDataSource.swift */; };
		14A40C63208B7AA800B79474 /* PlaygroundViewController.swift in Sources */ = {isa = PBXBuildFile; fileRef = 14A40C62208B7AA800B79474 /* PlaygroundViewController.swift */; };
		14C894F8208E70D5003D8CE3 /* SelectionTableViewCell.swift in Sources */ = {isa = PBXBuildFile; fileRef = 14C894F6208E70D5003D8CE3 /* SelectionTableViewCell.swift */; };
		14C894FB208E79B8003D8CE3 /* EntryAttributeWrapper.swift in Sources */ = {isa = PBXBuildFile; fileRef = 14C894FA208E79B8003D8CE3 /* EntryAttributeWrapper.swift */; };
		14C894FE208E7DDE003D8CE3 /* Font.swift in Sources */ = {isa = PBXBuildFile; fileRef = 14C894FD208E7DDE003D8CE3 /* Font.swift */; };
		14C89500208E81BF003D8CE3 /* PositionSelectionTableViewCell.swift in Sources */ = {isa = PBXBuildFile; fileRef = 14C894FF208E81BF003D8CE3 /* PositionSelectionTableViewCell.swift */; };
		14C89502208E83AA003D8CE3 /* WindowLevelTableViewCell.swift in Sources */ = {isa = PBXBuildFile; fileRef = 14C89501208E83AA003D8CE3 /* WindowLevelTableViewCell.swift */; };
		14C89504208E870C003D8CE3 /* DisplayDurationTableViewCell.swift in Sources */ = {isa = PBXBuildFile; fileRef = 14C89503208E870C003D8CE3 /* DisplayDurationTableViewCell.swift */; };
		14D18CCD2090FE970019AE7F /* SafeAreaSelectionTableViewCell.swift in Sources */ = {isa = PBXBuildFile; fileRef = 14D18CCC2090FE970019AE7F /* SafeAreaSelectionTableViewCell.swift */; };
		14D18CCF209105290019AE7F /* WidthSelectionTableViewCell.swift in Sources */ = {isa = PBXBuildFile; fileRef = 14D18CCE209105290019AE7F /* WidthSelectionTableViewCell.swift */; };
		14D18CD2209118DA0019AE7F /* NibExampleView.swift in Sources */ = {isa = PBXBuildFile; fileRef = 14D18CD1209118DA0019AE7F /* NibExampleView.swift */; };
		14D18CD4209118E90019AE7F /* NibExampleView.xib in Resources */ = {isa = PBXBuildFile; fileRef = 14D18CD3209118E90019AE7F /* NibExampleView.xib */; };
		14D18CD620911E9E0019AE7F /* UIView+Nib.swift in Sources */ = {isa = PBXBuildFile; fileRef = 14D18CD520911E9E0019AE7F /* UIView+Nib.swift */; };
		14E24A1D208B600E00F32B13 /* UIColor+Utils.swift in Sources */ = {isa = PBXBuildFile; fileRef = 14E24A1C208B600E00F32B13 /* UIColor+Utils.swift */; };
		14F36800208B585E001E8F56 /* PresetsViewController.swift in Sources */ = {isa = PBXBuildFile; fileRef = 14F367FE208B585E001E8F56 /* PresetsViewController.swift */; };
		14F36801208B585E001E8F56 /* PresetTableViewCell.swift in Sources */ = {isa = PBXBuildFile; fileRef = 14F367FF208B585E001E8F56 /* PresetTableViewCell.swift */; };
		3C9D7EC7C158F04673D0B514 /* Pods_SwiftEntryKit_Example.framework in Frameworks */ = {isa = PBXBuildFile; fileRef = D5091DE237DE1424B6B203B9 /* Pods_SwiftEntryKit_Example.framework */; };
		607FACD61AFB9204008FA782 /* AppDelegate.swift in Sources */ = {isa = PBXBuildFile; fileRef = 607FACD51AFB9204008FA782 /* AppDelegate.swift */; };
		607FACDB1AFB9204008FA782 /* Main.storyboard in Resources */ = {isa = PBXBuildFile; fileRef = 607FACD91AFB9204008FA782 /* Main.storyboard */; };
		607FACDD1AFB9204008FA782 /* Images.xcassets in Resources */ = {isa = PBXBuildFile; fileRef = 607FACDC1AFB9204008FA782 /* Images.xcassets */; };
		607FACE01AFB9204008FA782 /* LaunchScreen.xib in Resources */ = {isa = PBXBuildFile; fileRef = 607FACDE1AFB9204008FA782 /* LaunchScreen.xib */; };
		607FACEC1AFB9204008FA782 /* Tests.swift in Sources */ = {isa = PBXBuildFile; fileRef = 607FACEB1AFB9204008FA782 /* Tests.swift */; };
		8522034AE3E17BE2E7E988DE /* Pods_SwiftEntryKit_Tests.framework in Frameworks */ = {isa = PBXBuildFile; fileRef = 734A2F45951B2C2E5C5306DE /* Pods_SwiftEntryKit_Tests.framework */; };
/* End PBXBuildFile section */

/* Begin PBXContainerItemProxy section */
		607FACE61AFB9204008FA782 /* PBXContainerItemProxy */ = {
			isa = PBXContainerItemProxy;
			containerPortal = 607FACC81AFB9204008FA782 /* Project object */;
			proxyType = 1;
			remoteGlobalIDString = 607FACCF1AFB9204008FA782;
			remoteInfo = SwiftEntryKit;
		};
/* End PBXContainerItemProxy section */

/* Begin PBXFileReference section */
		05385903DACAE3FCA44909E1 /* Pods-SwiftEntryKit_Example.release.xcconfig */ = {isa = PBXFileReference; includeInIndex = 1; lastKnownFileType = text.xcconfig; name = "Pods-SwiftEntryKit_Example.release.xcconfig"; path = "Pods/Target Support Files/Pods-SwiftEntryKit_Example/Pods-SwiftEntryKit_Example.release.xcconfig"; sourceTree = "<group>"; };
		14333AE2208FA09E00DCFC7B /* PresetDescription.swift */ = {isa = PBXFileReference; lastKnownFileType = sourcecode.swift; path = PresetDescription.swift; sourceTree = "<group>"; };
		143F3AA12090A6A7009F3719 /* ShadowSelectionTableViewCell.swift */ = {isa = PBXFileReference; lastKnownFileType = sourcecode.swift; path = ShadowSelectionTableViewCell.swift; sourceTree = "<group>"; };
		143F3AA32090A70E009F3719 /* RoundCornersSelectionTableViewCell.swift */ = {isa = PBXFileReference; lastKnownFileType = sourcecode.swift; path = RoundCornersSelectionTableViewCell.swift; sourceTree = "<group>"; };
		143F3AA52090AB50009F3719 /* Object+ClassName.swift */ = {isa = PBXFileReference; lastKnownFileType = sourcecode.swift; path = "Object+ClassName.swift"; sourceTree = "<group>"; };
		143F3AA92090AFB8009F3719 /* BackgroundStyleSelectionTableViewCell.swift */ = {isa = PBXFileReference; lastKnownFileType = sourcecode.swift; path = BackgroundStyleSelectionTableViewCell.swift; sourceTree = "<group>"; };
		143F3AAB2090B312009F3719 /* UserInteractionSelectionTableViewCell.swift */ = {isa = PBXFileReference; lastKnownFileType = sourcecode.swift; path = UserInteractionSelectionTableViewCell.swift; sourceTree = "<group>"; };
		143F3AAD2090B4E2009F3719 /* HapticFeedbackSelectionTableViewCell.swift */ = {isa = PBXFileReference; lastKnownFileType = sourcecode.swift; path = HapticFeedbackSelectionTableViewCell.swift; sourceTree = "<group>"; };
		143F3AB12090B7F0009F3719 /* ScrollSelectionTableViewCell.swift */ = {isa = PBXFileReference; lastKnownFileType = sourcecode.swift; path = ScrollSelectionTableViewCell.swift; sourceTree = "<group>"; };
		14665620209204A5008FB96D /* AnimationSelectionTableViewCell.swift */ = {isa = PBXFileReference; lastKnownFileType = sourcecode.swift; path = AnimationSelectionTableViewCell.swift; sourceTree = "<group>"; };
		147A9A602092682E00A49D7A /* SelectionHeaderView.swift */ = {isa = PBXFileReference; lastKnownFileType = sourcecode.swift; path = SelectionHeaderView.swift; sourceTree = "<group>"; };
		147A9A6220926A7500A49D7A /* MaxWidthSelectionTableViewCell.swift */ = {isa = PBXFileReference; lastKnownFileType = sourcecode.swift; path = MaxWidthSelectionTableViewCell.swift; sourceTree = "<group>"; };
		147A9A6420926C5D00A49D7A /* HeightSelectionTableViewCell.swift */ = {isa = PBXFileReference; lastKnownFileType = sourcecode.swift; path = HeightSelectionTableViewCell.swift; sourceTree = "<group>"; };
		14A1AB3420930120001CA5B4 /* PresetsDataSource.swift */ = {isa = PBXFileReference; lastKnownFileType = sourcecode.swift; path = PresetsDataSource.swift; sourceTree = "<group>"; };
		14A40C62208B7AA800B79474 /* PlaygroundViewController.swift */ = {isa = PBXFileReference; lastKnownFileType = sourcecode.swift; path = PlaygroundViewController.swift; sourceTree = "<group>"; };
		14C894F6208E70D5003D8CE3 /* SelectionTableViewCell.swift */ = {isa = PBXFileReference; lastKnownFileType = sourcecode.swift; path = SelectionTableViewCell.swift; sourceTree = "<group>"; };
		14C894FA208E79B8003D8CE3 /* EntryAttributeWrapper.swift */ = {isa = PBXFileReference; lastKnownFileType = sourcecode.swift; path = EntryAttributeWrapper.swift; sourceTree = "<group>"; };
		14C894FD208E7DDE003D8CE3 /* Font.swift */ = {isa = PBXFileReference; lastKnownFileType = sourcecode.swift; path = Font.swift; sourceTree = "<group>"; };
		14C894FF208E81BF003D8CE3 /* PositionSelectionTableViewCell.swift */ = {isa = PBXFileReference; lastKnownFileType = sourcecode.swift; path = PositionSelectionTableViewCell.swift; sourceTree = "<group>"; };
		14C89501208E83AA003D8CE3 /* WindowLevelTableViewCell.swift */ = {isa = PBXFileReference; lastKnownFileType = sourcecode.swift; path = WindowLevelTableViewCell.swift; sourceTree = "<group>"; };
		14C89503208E870C003D8CE3 /* DisplayDurationTableViewCell.swift */ = {isa = PBXFileReference; lastKnownFileType = sourcecode.swift; path = DisplayDurationTableViewCell.swift; sourceTree = "<group>"; };
		14D18CCC2090FE970019AE7F /* SafeAreaSelectionTableViewCell.swift */ = {isa = PBXFileReference; lastKnownFileType = sourcecode.swift; path = SafeAreaSelectionTableViewCell.swift; sourceTree = "<group>"; };
		14D18CCE209105290019AE7F /* WidthSelectionTableViewCell.swift */ = {isa = PBXFileReference; lastKnownFileType = sourcecode.swift; path = WidthSelectionTableViewCell.swift; sourceTree = "<group>"; };
		14D18CD1209118DA0019AE7F /* NibExampleView.swift */ = {isa = PBXFileReference; lastKnownFileType = sourcecode.swift; path = NibExampleView.swift; sourceTree = "<group>"; };
		14D18CD3209118E90019AE7F /* NibExampleView.xib */ = {isa = PBXFileReference; lastKnownFileType = file.xib; path = NibExampleView.xib; sourceTree = "<group>"; };
		14D18CD520911E9E0019AE7F /* UIView+Nib.swift */ = {isa = PBXFileReference; lastKnownFileType = sourcecode.swift; path = "UIView+Nib.swift"; sourceTree = "<group>"; };
		14E24A1C208B600E00F32B13 /* UIColor+Utils.swift */ = {isa = PBXFileReference; fileEncoding = 4; lastKnownFileType = sourcecode.swift; path = "UIColor+Utils.swift"; sourceTree = "<group>"; };
		14F367FE208B585E001E8F56 /* PresetsViewController.swift */ = {isa = PBXFileReference; fileEncoding = 4; lastKnownFileType = sourcecode.swift; path = PresetsViewController.swift; sourceTree = "<group>"; };
		14F367FF208B585E001E8F56 /* PresetTableViewCell.swift */ = {isa = PBXFileReference; fileEncoding = 4; lastKnownFileType = sourcecode.swift; path = PresetTableViewCell.swift; sourceTree = "<group>"; };
		2A856CAE48665E23BC76CB3B /* LICENSE */ = {isa = PBXFileReference; includeInIndex = 1; lastKnownFileType = text; name = LICENSE; path = ../LICENSE; sourceTree = "<group>"; };
		607FACD01AFB9204008FA782 /* SwiftEntryKit_Example.app */ = {isa = PBXFileReference; explicitFileType = wrapper.application; includeInIndex = 0; path = SwiftEntryKit_Example.app; sourceTree = BUILT_PRODUCTS_DIR; };
		607FACD41AFB9204008FA782 /* Info.plist */ = {isa = PBXFileReference; lastKnownFileType = text.plist.xml; path = Info.plist; sourceTree = "<group>"; };
		607FACD51AFB9204008FA782 /* AppDelegate.swift */ = {isa = PBXFileReference; lastKnownFileType = sourcecode.swift; path = AppDelegate.swift; sourceTree = "<group>"; };
		607FACDA1AFB9204008FA782 /* Base */ = {isa = PBXFileReference; lastKnownFileType = file.storyboard; name = Base; path = Base.lproj/Main.storyboard; sourceTree = "<group>"; };
		607FACDC1AFB9204008FA782 /* Images.xcassets */ = {isa = PBXFileReference; lastKnownFileType = folder.assetcatalog; path = Images.xcassets; sourceTree = "<group>"; };
		607FACDF1AFB9204008FA782 /* Base */ = {isa = PBXFileReference; lastKnownFileType = file.xib; name = Base; path = Base.lproj/LaunchScreen.xib; sourceTree = "<group>"; };
		607FACE51AFB9204008FA782 /* SwiftEntryKit_Tests.xctest */ = {isa = PBXFileReference; explicitFileType = wrapper.cfbundle; includeInIndex = 0; path = SwiftEntryKit_Tests.xctest; sourceTree = BUILT_PRODUCTS_DIR; };
		607FACEA1AFB9204008FA782 /* Info.plist */ = {isa = PBXFileReference; lastKnownFileType = text.plist.xml; path = Info.plist; sourceTree = "<group>"; };
		607FACEB1AFB9204008FA782 /* Tests.swift */ = {isa = PBXFileReference; lastKnownFileType = sourcecode.swift; path = Tests.swift; sourceTree = "<group>"; };
		734A2F45951B2C2E5C5306DE /* Pods_SwiftEntryKit_Tests.framework */ = {isa = PBXFileReference; explicitFileType = wrapper.framework; includeInIndex = 0; path = Pods_SwiftEntryKit_Tests.framework; sourceTree = BUILT_PRODUCTS_DIR; };
		75608D183C872B32D712C255 /* Pods-SwiftEntryKit_Tests.release.xcconfig */ = {isa = PBXFileReference; includeInIndex = 1; lastKnownFileType = text.xcconfig; name = "Pods-SwiftEntryKit_Tests.release.xcconfig"; path = "Pods/Target Support Files/Pods-SwiftEntryKit_Tests/Pods-SwiftEntryKit_Tests.release.xcconfig"; sourceTree = "<group>"; };
		7D240DE9A2A6741727F3E71D /* Pods-SwiftEntryKit_Example.debug.xcconfig */ = {isa = PBXFileReference; includeInIndex = 1; lastKnownFileType = text.xcconfig; name = "Pods-SwiftEntryKit_Example.debug.xcconfig"; path = "Pods/Target Support Files/Pods-SwiftEntryKit_Example/Pods-SwiftEntryKit_Example.debug.xcconfig"; sourceTree = "<group>"; };
		BA5B680FD942D3259984CE41 /* Pods-SwiftEntryKit_Tests.debug.xcconfig */ = {isa = PBXFileReference; includeInIndex = 1; lastKnownFileType = text.xcconfig; name = "Pods-SwiftEntryKit_Tests.debug.xcconfig"; path = "Pods/Target Support Files/Pods-SwiftEntryKit_Tests/Pods-SwiftEntryKit_Tests.debug.xcconfig"; sourceTree = "<group>"; };
		D5091DE237DE1424B6B203B9 /* Pods_SwiftEntryKit_Example.framework */ = {isa = PBXFileReference; explicitFileType = wrapper.framework; includeInIndex = 0; path = Pods_SwiftEntryKit_Example.framework; sourceTree = BUILT_PRODUCTS_DIR; };
		EFEC60E1244126F18ABBB375 /* README.md */ = {isa = PBXFileReference; includeInIndex = 1; lastKnownFileType = net.daringfireball.markdown; name = README.md; path = ../README.md; sourceTree = "<group>"; };
		F1F450C1E75BEC09B67F526C /* SwiftEntryKit.podspec */ = {isa = PBXFileReference; includeInIndex = 1; lastKnownFileType = text; name = SwiftEntryKit.podspec; path = ../SwiftEntryKit.podspec; sourceTree = "<group>"; xcLanguageSpecificationIdentifier = xcode.lang.ruby; };
/* End PBXFileReference section */

/* Begin PBXFrameworksBuildPhase section */
		607FACCD1AFB9204008FA782 /* Frameworks */ = {
			isa = PBXFrameworksBuildPhase;
			buildActionMask = 2147483647;
			files = (
				3C9D7EC7C158F04673D0B514 /* Pods_SwiftEntryKit_Example.framework in Frameworks */,
			);
			runOnlyForDeploymentPostprocessing = 0;
		};
		607FACE21AFB9204008FA782 /* Frameworks */ = {
			isa = PBXFrameworksBuildPhase;
			buildActionMask = 2147483647;
			files = (
				8522034AE3E17BE2E7E988DE /* Pods_SwiftEntryKit_Tests.framework in Frameworks */,
			);
			runOnlyForDeploymentPostprocessing = 0;
		};
/* End PBXFrameworksBuildPhase section */

/* Begin PBXGroup section */
		149B2B57208F0C22007C829F /* Presets */ = {
			isa = PBXGroup;
			children = (
				14F367FE208B585E001E8F56 /* PresetsViewController.swift */,
				14F367FF208B585E001E8F56 /* PresetTableViewCell.swift */,
				14A1AB36209371A5001CA5B4 /* PresetsData */,
				14D18CD0209118950019AE7F /* NibExampleView */,
			);
			path = Presets;
			sourceTree = "<group>";
		};
		14A1AB36209371A5001CA5B4 /* PresetsData */ = {
			isa = PBXGroup;
			children = (
				14A1AB3420930120001CA5B4 /* PresetsDataSource.swift */,
				14333AE2208FA09E00DCFC7B /* PresetDescription.swift */,
			);
			path = PresetsData;
			sourceTree = "<group>";
		};
		14C894F3208E70A4003D8CE3 /* Custom */ = {
			isa = PBXGroup;
			children = (
				14C894FA208E79B8003D8CE3 /* EntryAttributeWrapper.swift */,
				14A40C62208B7AA800B79474 /* PlaygroundViewController.swift */,
				14D18CCB2090F53D0019AE7F /* Cells */,
			);
			path = Custom;
			sourceTree = "<group>";
		};
		14C894FC208E7DD0003D8CE3 /* Utils */ = {
			isa = PBXGroup;
			children = (
				14C894FD208E7DDE003D8CE3 /* Font.swift */,
				14E24A1C208B600E00F32B13 /* UIColor+Utils.swift */,
				143F3AA52090AB50009F3719 /* Object+ClassName.swift */,
				14D18CD520911E9E0019AE7F /* UIView+Nib.swift */,
			);
			path = Utils;
			sourceTree = "<group>";
		};
		14D18CCB2090F53D0019AE7F /* Cells */ = {
			isa = PBXGroup;
			children = (
				147A9A602092682E00A49D7A /* SelectionHeaderView.swift */,
				14C894F6208E70D5003D8CE3 /* SelectionTableViewCell.swift */,
				14C894FF208E81BF003D8CE3 /* PositionSelectionTableViewCell.swift */,
				14C89501208E83AA003D8CE3 /* WindowLevelTableViewCell.swift */,
				14C89503208E870C003D8CE3 /* DisplayDurationTableViewCell.swift */,
				143F3AA12090A6A7009F3719 /* ShadowSelectionTableViewCell.swift */,
				143F3AA32090A70E009F3719 /* RoundCornersSelectionTableViewCell.swift */,
				143F3AA92090AFB8009F3719 /* BackgroundStyleSelectionTableViewCell.swift */,
				143F3AAB2090B312009F3719 /* UserInteractionSelectionTableViewCell.swift */,
				143F3AAD2090B4E2009F3719 /* HapticFeedbackSelectionTableViewCell.swift */,
				143F3AB12090B7F0009F3719 /* ScrollSelectionTableViewCell.swift */,
				14D18CCC2090FE970019AE7F /* SafeAreaSelectionTableViewCell.swift */,
				14D18CCE209105290019AE7F /* WidthSelectionTableViewCell.swift */,
				147A9A6420926C5D00A49D7A /* HeightSelectionTableViewCell.swift */,
				147A9A6220926A7500A49D7A /* MaxWidthSelectionTableViewCell.swift */,
				14665620209204A5008FB96D /* AnimationSelectionTableViewCell.swift */,
			);
			path = Cells;
			sourceTree = "<group>";
		};
		14D18CD0209118950019AE7F /* NibExampleView */ = {
			isa = PBXGroup;
			children = (
				14D18CD1209118DA0019AE7F /* NibExampleView.swift */,
				14D18CD3209118E90019AE7F /* NibExampleView.xib */,
			);
			path = NibExampleView;
			sourceTree = "<group>";
		};
		19E182478A85E3C07278EE0F /* Pods */ = {
			isa = PBXGroup;
			children = (
				7D240DE9A2A6741727F3E71D /* Pods-SwiftEntryKit_Example.debug.xcconfig */,
				05385903DACAE3FCA44909E1 /* Pods-SwiftEntryKit_Example.release.xcconfig */,
				BA5B680FD942D3259984CE41 /* Pods-SwiftEntryKit_Tests.debug.xcconfig */,
				75608D183C872B32D712C255 /* Pods-SwiftEntryKit_Tests.release.xcconfig */,
			);
			name = Pods;
			sourceTree = "<group>";
		};
		607FACC71AFB9204008FA782 = {
			isa = PBXGroup;
			children = (
				607FACF51AFB993E008FA782 /* Podspec Metadata */,
				607FACD21AFB9204008FA782 /* Example for SwiftEntryKit */,
				607FACE81AFB9204008FA782 /* Tests */,
				607FACD11AFB9204008FA782 /* Products */,
				19E182478A85E3C07278EE0F /* Pods */,
				D9157BA4B280B5737277DC8F /* Frameworks */,
			);
			sourceTree = "<group>";
		};
		607FACD11AFB9204008FA782 /* Products */ = {
			isa = PBXGroup;
			children = (
				607FACD01AFB9204008FA782 /* SwiftEntryKit_Example.app */,
				607FACE51AFB9204008FA782 /* SwiftEntryKit_Tests.xctest */,
			);
			name = Products;
			sourceTree = "<group>";
		};
		607FACD21AFB9204008FA782 /* Example for SwiftEntryKit */ = {
			isa = PBXGroup;
			children = (
				607FACD51AFB9204008FA782 /* AppDelegate.swift */,
				149B2B57208F0C22007C829F /* Presets */,
				14C894F3208E70A4003D8CE3 /* Custom */,
				14C894FC208E7DD0003D8CE3 /* Utils */,
				607FACD91AFB9204008FA782 /* Main.storyboard */,
				607FACDC1AFB9204008FA782 /* Images.xcassets */,
				607FACDE1AFB9204008FA782 /* LaunchScreen.xib */,
				607FACD31AFB9204008FA782 /* Supporting Files */,
			);
			name = "Example for SwiftEntryKit";
			path = SwiftEntryKit;
			sourceTree = "<group>";
		};
		607FACD31AFB9204008FA782 /* Supporting Files */ = {
			isa = PBXGroup;
			children = (
				607FACD41AFB9204008FA782 /* Info.plist */,
			);
			name = "Supporting Files";
			sourceTree = "<group>";
		};
		607FACE81AFB9204008FA782 /* Tests */ = {
			isa = PBXGroup;
			children = (
				607FACEB1AFB9204008FA782 /* Tests.swift */,
				607FACE91AFB9204008FA782 /* Supporting Files */,
			);
			path = Tests;
			sourceTree = "<group>";
		};
		607FACE91AFB9204008FA782 /* Supporting Files */ = {
			isa = PBXGroup;
			children = (
				607FACEA1AFB9204008FA782 /* Info.plist */,
			);
			name = "Supporting Files";
			sourceTree = "<group>";
		};
		607FACF51AFB993E008FA782 /* Podspec Metadata */ = {
			isa = PBXGroup;
			children = (
				F1F450C1E75BEC09B67F526C /* SwiftEntryKit.podspec */,
				EFEC60E1244126F18ABBB375 /* README.md */,
				2A856CAE48665E23BC76CB3B /* LICENSE */,
			);
			name = "Podspec Metadata";
			sourceTree = "<group>";
		};
		D9157BA4B280B5737277DC8F /* Frameworks */ = {
			isa = PBXGroup;
			children = (
				D5091DE237DE1424B6B203B9 /* Pods_SwiftEntryKit_Example.framework */,
				734A2F45951B2C2E5C5306DE /* Pods_SwiftEntryKit_Tests.framework */,
			);
			name = Frameworks;
			sourceTree = "<group>";
		};
/* End PBXGroup section */

/* Begin PBXNativeTarget section */
		607FACCF1AFB9204008FA782 /* SwiftEntryKit_Example */ = {
			isa = PBXNativeTarget;
			buildConfigurationList = 607FACEF1AFB9204008FA782 /* Build configuration list for PBXNativeTarget "SwiftEntryKit_Example" */;
			buildPhases = (
				23A8307E6B85DECC188A68B0 /* [CP] Check Pods Manifest.lock */,
				607FACCC1AFB9204008FA782 /* Sources */,
				607FACCD1AFB9204008FA782 /* Frameworks */,
				607FACCE1AFB9204008FA782 /* Resources */,
				E16152909E0AED89FC6D4D82 /* [CP] Embed Pods Frameworks */,
			);
			buildRules = (
			);
			dependencies = (
			);
			name = SwiftEntryKit_Example;
			productName = SwiftEntryKit;
			productReference = 607FACD01AFB9204008FA782 /* SwiftEntryKit_Example.app */;
			productType = "com.apple.product-type.application";
		};
		607FACE41AFB9204008FA782 /* SwiftEntryKit_Tests */ = {
			isa = PBXNativeTarget;
			buildConfigurationList = 607FACF21AFB9204008FA782 /* Build configuration list for PBXNativeTarget "SwiftEntryKit_Tests" */;
			buildPhases = (
				372D56C8D7361394F735A7CF /* [CP] Check Pods Manifest.lock */,
				607FACE11AFB9204008FA782 /* Sources */,
				607FACE21AFB9204008FA782 /* Frameworks */,
				607FACE31AFB9204008FA782 /* Resources */,
				7A52B904A55DE148810D1832 /* [CP] Embed Pods Frameworks */,
			);
			buildRules = (
			);
			dependencies = (
				607FACE71AFB9204008FA782 /* PBXTargetDependency */,
			);
			name = SwiftEntryKit_Tests;
			productName = Tests;
			productReference = 607FACE51AFB9204008FA782 /* SwiftEntryKit_Tests.xctest */;
			productType = "com.apple.product-type.bundle.unit-test";
		};
/* End PBXNativeTarget section */

/* Begin PBXProject section */
		607FACC81AFB9204008FA782 /* Project object */ = {
			isa = PBXProject;
			attributes = {
				LastSwiftUpdateCheck = 0830;
				LastUpgradeCheck = 0830;
				ORGANIZATIONNAME = CocoaPods;
				TargetAttributes = {
					607FACCF1AFB9204008FA782 = {
						CreatedOnToolsVersion = 6.3.1;
						DevelopmentTeam = D2LR97ELBQ;
						LastSwiftMigration = 0900;
					};
					607FACE41AFB9204008FA782 = {
						CreatedOnToolsVersion = 6.3.1;
						DevelopmentTeam = D2LR97ELBQ;
						LastSwiftMigration = 0900;
						TestTargetID = 607FACCF1AFB9204008FA782;
					};
				};
			};
			buildConfigurationList = 607FACCB1AFB9204008FA782 /* Build configuration list for PBXProject "SwiftEntryKit" */;
			compatibilityVersion = "Xcode 3.2";
			developmentRegion = English;
			hasScannedForEncodings = 0;
			knownRegions = (
				en,
				Base,
			);
			mainGroup = 607FACC71AFB9204008FA782;
			productRefGroup = 607FACD11AFB9204008FA782 /* Products */;
			projectDirPath = "";
			projectRoot = "";
			targets = (
				607FACCF1AFB9204008FA782 /* SwiftEntryKit_Example */,
				607FACE41AFB9204008FA782 /* SwiftEntryKit_Tests */,
			);
		};
/* End PBXProject section */

/* Begin PBXResourcesBuildPhase section */
		607FACCE1AFB9204008FA782 /* Resources */ = {
			isa = PBXResourcesBuildPhase;
			buildActionMask = 2147483647;
			files = (
				607FACDB1AFB9204008FA782 /* Main.storyboard in Resources */,
				607FACE01AFB9204008FA782 /* LaunchScreen.xib in Resources */,
				607FACDD1AFB9204008FA782 /* Images.xcassets in Resources */,
				14D18CD4209118E90019AE7F /* NibExampleView.xib in Resources */,
			);
			runOnlyForDeploymentPostprocessing = 0;
		};
		607FACE31AFB9204008FA782 /* Resources */ = {
			isa = PBXResourcesBuildPhase;
			buildActionMask = 2147483647;
			files = (
			);
			runOnlyForDeploymentPostprocessing = 0;
		};
/* End PBXResourcesBuildPhase section */

/* Begin PBXShellScriptBuildPhase section */
		23A8307E6B85DECC188A68B0 /* [CP] Check Pods Manifest.lock */ = {
			isa = PBXShellScriptBuildPhase;
			buildActionMask = 2147483647;
			files = (
			);
			inputPaths = (
				"${PODS_PODFILE_DIR_PATH}/Podfile.lock",
				"${PODS_ROOT}/Manifest.lock",
			);
			name = "[CP] Check Pods Manifest.lock";
			outputPaths = (
				"$(DERIVED_FILE_DIR)/Pods-SwiftEntryKit_Example-checkManifestLockResult.txt",
			);
			runOnlyForDeploymentPostprocessing = 0;
			shellPath = /bin/sh;
			shellScript = "diff \"${PODS_PODFILE_DIR_PATH}/Podfile.lock\" \"${PODS_ROOT}/Manifest.lock\" > /dev/null\nif [ $? != 0 ] ; then\n    # print error to STDERR\n    echo \"error: The sandbox is not in sync with the Podfile.lock. Run 'pod install' or update your CocoaPods installation.\" >&2\n    exit 1\nfi\n# This output is used by Xcode 'outputs' to avoid re-running this script phase.\necho \"SUCCESS\" > \"${SCRIPT_OUTPUT_FILE_0}\"\n";
			showEnvVarsInLog = 0;
		};
		372D56C8D7361394F735A7CF /* [CP] Check Pods Manifest.lock */ = {
			isa = PBXShellScriptBuildPhase;
			buildActionMask = 2147483647;
			files = (
			);
			inputPaths = (
				"${PODS_PODFILE_DIR_PATH}/Podfile.lock",
				"${PODS_ROOT}/Manifest.lock",
			);
			name = "[CP] Check Pods Manifest.lock";
			outputPaths = (
				"$(DERIVED_FILE_DIR)/Pods-SwiftEntryKit_Tests-checkManifestLockResult.txt",
			);
			runOnlyForDeploymentPostprocessing = 0;
			shellPath = /bin/sh;
			shellScript = "diff \"${PODS_PODFILE_DIR_PATH}/Podfile.lock\" \"${PODS_ROOT}/Manifest.lock\" > /dev/null\nif [ $? != 0 ] ; then\n    # print error to STDERR\n    echo \"error: The sandbox is not in sync with the Podfile.lock. Run 'pod install' or update your CocoaPods installation.\" >&2\n    exit 1\nfi\n# This output is used by Xcode 'outputs' to avoid re-running this script phase.\necho \"SUCCESS\" > \"${SCRIPT_OUTPUT_FILE_0}\"\n";
			showEnvVarsInLog = 0;
		};
		7A52B904A55DE148810D1832 /* [CP] Embed Pods Frameworks */ = {
			isa = PBXShellScriptBuildPhase;
			buildActionMask = 2147483647;
			files = (
			);
			inputPaths = (
				"${SRCROOT}/Pods/Target Support Files/Pods-SwiftEntryKit_Tests/Pods-SwiftEntryKit_Tests-frameworks.sh",
				"${BUILT_PRODUCTS_DIR}/FBSnapshotTestCase/FBSnapshotTestCase.framework",
				"${BUILT_PRODUCTS_DIR}/Nimble/Nimble.framework",
				"${BUILT_PRODUCTS_DIR}/Nimble-Snapshots/Nimble_Snapshots.framework",
				"${BUILT_PRODUCTS_DIR}/Quick/Quick.framework",
			);
			name = "[CP] Embed Pods Frameworks";
			outputPaths = (
				"${TARGET_BUILD_DIR}/${FRAMEWORKS_FOLDER_PATH}/FBSnapshotTestCase.framework",
				"${TARGET_BUILD_DIR}/${FRAMEWORKS_FOLDER_PATH}/Nimble.framework",
				"${TARGET_BUILD_DIR}/${FRAMEWORKS_FOLDER_PATH}/Nimble_Snapshots.framework",
				"${TARGET_BUILD_DIR}/${FRAMEWORKS_FOLDER_PATH}/Quick.framework",
			);
			runOnlyForDeploymentPostprocessing = 0;
			shellPath = /bin/sh;
			shellScript = "\"${SRCROOT}/Pods/Target Support Files/Pods-SwiftEntryKit_Tests/Pods-SwiftEntryKit_Tests-frameworks.sh\"\n";
			showEnvVarsInLog = 0;
		};
		E16152909E0AED89FC6D4D82 /* [CP] Embed Pods Frameworks */ = {
			isa = PBXShellScriptBuildPhase;
			buildActionMask = 2147483647;
			files = (
			);
			inputPaths = (
				"${SRCROOT}/Pods/Target Support Files/Pods-SwiftEntryKit_Example/Pods-SwiftEntryKit_Example-frameworks.sh",
				"${BUILT_PRODUCTS_DIR}/QuickLayout/QuickLayout.framework",
				"${BUILT_PRODUCTS_DIR}/SwiftEntryKit/SwiftEntryKit.framework",
			);
			name = "[CP] Embed Pods Frameworks";
			outputPaths = (
				"${TARGET_BUILD_DIR}/${FRAMEWORKS_FOLDER_PATH}/QuickLayout.framework",
				"${TARGET_BUILD_DIR}/${FRAMEWORKS_FOLDER_PATH}/SwiftEntryKit.framework",
			);
			runOnlyForDeploymentPostprocessing = 0;
			shellPath = /bin/sh;
			shellScript = "\"${SRCROOT}/Pods/Target Support Files/Pods-SwiftEntryKit_Example/Pods-SwiftEntryKit_Example-frameworks.sh\"\n";
			showEnvVarsInLog = 0;
		};
/* End PBXShellScriptBuildPhase section */

/* Begin PBXSourcesBuildPhase section */
		607FACCC1AFB9204008FA782 /* Sources */ = {
			isa = PBXSourcesBuildPhase;
			buildActionMask = 2147483647;
			files = (
				143F3AAC2090B312009F3719 /* UserInteractionSelectionTableViewCell.swift in Sources */,
				14D18CCF209105290019AE7F /* WidthSelectionTableViewCell.swift in Sources */,
				147A9A6320926A7500A49D7A /* MaxWidthSelectionTableViewCell.swift in Sources */,
				14E24A1D208B600E00F32B13 /* UIColor+Utils.swift in Sources */,
				14C89500208E81BF003D8CE3 /* PositionSelectionTableViewCell.swift in Sources */,
				14F36800208B585E001E8F56 /* PresetsViewController.swift in Sources */,
				14D18CD2209118DA0019AE7F /* NibExampleView.swift in Sources */,
				14A40C63208B7AA800B79474 /* PlaygroundViewController.swift in Sources */,
				143F3AAE2090B4E2009F3719 /* HapticFeedbackSelectionTableViewCell.swift in Sources */,
				14D18CD620911E9E0019AE7F /* UIView+Nib.swift in Sources */,
				143F3AA42090A70E009F3719 /* RoundCornersSelectionTableViewCell.swift in Sources */,
				14C894F8208E70D5003D8CE3 /* SelectionTableViewCell.swift in Sources */,
				14665621209204A5008FB96D /* AnimationSelectionTableViewCell.swift in Sources */,
				607FACD61AFB9204008FA782 /* AppDelegate.swift in Sources */,
				14D18CCD2090FE970019AE7F /* SafeAreaSelectionTableViewCell.swift in Sources */,
				14C894FE208E7DDE003D8CE3 /* Font.swift in Sources */,
				14C894FB208E79B8003D8CE3 /* EntryAttributeWrapper.swift in Sources */,
				143F3AB22090B7F0009F3719 /* ScrollSelectionTableViewCell.swift in Sources */,
				143F3AA22090A6A7009F3719 /* ShadowSelectionTableViewCell.swift in Sources */,
				147A9A6520926C5D00A49D7A /* HeightSelectionTableViewCell.swift in Sources */,
				143F3AA62090AB50009F3719 /* Object+ClassName.swift in Sources */,
				14333AE3208FA09E00DCFC7B /* PresetDescription.swift in Sources */,
				147A9A612092682E00A49D7A /* SelectionHeaderView.swift in Sources */,
				14A1AB3520930120001CA5B4 /* PresetsDataSource.swift in Sources */,
				14C89504208E870C003D8CE3 /* DisplayDurationTableViewCell.swift in Sources */,
				14F36801208B585E001E8F56 /* PresetTableViewCell.swift in Sources */,
				14C89502208E83AA003D8CE3 /* WindowLevelTableViewCell.swift in Sources */,
				143F3AAA2090AFB8009F3719 /* BackgroundStyleSelectionTableViewCell.swift in Sources */,
			);
			runOnlyForDeploymentPostprocessing = 0;
		};
		607FACE11AFB9204008FA782 /* Sources */ = {
			isa = PBXSourcesBuildPhase;
			buildActionMask = 2147483647;
			files = (
				607FACEC1AFB9204008FA782 /* Tests.swift in Sources */,
			);
			runOnlyForDeploymentPostprocessing = 0;
		};
/* End PBXSourcesBuildPhase section */

/* Begin PBXTargetDependency section */
		607FACE71AFB9204008FA782 /* PBXTargetDependency */ = {
			isa = PBXTargetDependency;
			target = 607FACCF1AFB9204008FA782 /* SwiftEntryKit_Example */;
			targetProxy = 607FACE61AFB9204008FA782 /* PBXContainerItemProxy */;
		};
/* End PBXTargetDependency section */

/* Begin PBXVariantGroup section */
		607FACD91AFB9204008FA782 /* Main.storyboard */ = {
			isa = PBXVariantGroup;
			children = (
				607FACDA1AFB9204008FA782 /* Base */,
			);
			name = Main.storyboard;
			sourceTree = "<group>";
		};
		607FACDE1AFB9204008FA782 /* LaunchScreen.xib */ = {
			isa = PBXVariantGroup;
			children = (
				607FACDF1AFB9204008FA782 /* Base */,
			);
			name = LaunchScreen.xib;
			sourceTree = "<group>";
		};
/* End PBXVariantGroup section */

/* Begin XCBuildConfiguration section */
		607FACED1AFB9204008FA782 /* Debug */ = {
			isa = XCBuildConfiguration;
			buildSettings = {
				ALWAYS_SEARCH_USER_PATHS = NO;
				CLANG_CXX_LANGUAGE_STANDARD = "gnu++0x";
				CLANG_CXX_LIBRARY = "libc++";
				CLANG_ENABLE_MODULES = YES;
				CLANG_ENABLE_OBJC_ARC = YES;
				CLANG_WARN_BLOCK_CAPTURE_AUTORELEASING = YES;
				CLANG_WARN_BOOL_CONVERSION = YES;
				CLANG_WARN_COMMA = YES;
				CLANG_WARN_CONSTANT_CONVERSION = YES;
				CLANG_WARN_DIRECT_OBJC_ISA_USAGE = YES_ERROR;
				CLANG_WARN_EMPTY_BODY = YES;
				CLANG_WARN_ENUM_CONVERSION = YES;
				CLANG_WARN_INFINITE_RECURSION = YES;
				CLANG_WARN_INT_CONVERSION = YES;
				CLANG_WARN_NON_LITERAL_NULL_CONVERSION = YES;
				CLANG_WARN_OBJC_LITERAL_CONVERSION = YES;
				CLANG_WARN_OBJC_ROOT_CLASS = YES_ERROR;
				CLANG_WARN_RANGE_LOOP_ANALYSIS = YES;
				CLANG_WARN_STRICT_PROTOTYPES = YES;
				CLANG_WARN_SUSPICIOUS_MOVE = YES;
				CLANG_WARN_UNREACHABLE_CODE = YES;
				CLANG_WARN__DUPLICATE_METHOD_MATCH = YES;
				"CODE_SIGN_IDENTITY[sdk=iphoneos*]" = "iPhone Developer";
				COPY_PHASE_STRIP = NO;
				DEBUG_INFORMATION_FORMAT = "dwarf-with-dsym";
				ENABLE_STRICT_OBJC_MSGSEND = YES;
				ENABLE_TESTABILITY = YES;
				GCC_C_LANGUAGE_STANDARD = gnu99;
				GCC_DYNAMIC_NO_PIC = NO;
				GCC_NO_COMMON_BLOCKS = YES;
				GCC_OPTIMIZATION_LEVEL = 0;
				GCC_PREPROCESSOR_DEFINITIONS = (
					"DEBUG=1",
					"$(inherited)",
				);
				GCC_SYMBOLS_PRIVATE_EXTERN = NO;
				GCC_WARN_64_TO_32_BIT_CONVERSION = YES;
				GCC_WARN_ABOUT_RETURN_TYPE = YES_ERROR;
				GCC_WARN_UNDECLARED_SELECTOR = YES;
				GCC_WARN_UNINITIALIZED_AUTOS = YES_AGGRESSIVE;
				GCC_WARN_UNUSED_FUNCTION = YES;
				GCC_WARN_UNUSED_VARIABLE = YES;
				IPHONEOS_DEPLOYMENT_TARGET = 9.3;
				MTL_ENABLE_DEBUG_INFO = YES;
				ONLY_ACTIVE_ARCH = YES;
				SDKROOT = iphoneos;
				SWIFT_OPTIMIZATION_LEVEL = "-Onone";
				SWIFT_VERSION = 4.0;
			};
			name = Debug;
		};
		607FACEE1AFB9204008FA782 /* Release */ = {
			isa = XCBuildConfiguration;
			buildSettings = {
				ALWAYS_SEARCH_USER_PATHS = NO;
				CLANG_CXX_LANGUAGE_STANDARD = "gnu++0x";
				CLANG_CXX_LIBRARY = "libc++";
				CLANG_ENABLE_MODULES = YES;
				CLANG_ENABLE_OBJC_ARC = YES;
				CLANG_WARN_BLOCK_CAPTURE_AUTORELEASING = YES;
				CLANG_WARN_BOOL_CONVERSION = YES;
				CLANG_WARN_COMMA = YES;
				CLANG_WARN_CONSTANT_CONVERSION = YES;
				CLANG_WARN_DIRECT_OBJC_ISA_USAGE = YES_ERROR;
				CLANG_WARN_EMPTY_BODY = YES;
				CLANG_WARN_ENUM_CONVERSION = YES;
				CLANG_WARN_INFINITE_RECURSION = YES;
				CLANG_WARN_INT_CONVERSION = YES;
				CLANG_WARN_NON_LITERAL_NULL_CONVERSION = YES;
				CLANG_WARN_OBJC_LITERAL_CONVERSION = YES;
				CLANG_WARN_OBJC_ROOT_CLASS = YES_ERROR;
				CLANG_WARN_RANGE_LOOP_ANALYSIS = YES;
				CLANG_WARN_STRICT_PROTOTYPES = YES;
				CLANG_WARN_SUSPICIOUS_MOVE = YES;
				CLANG_WARN_UNREACHABLE_CODE = YES;
				CLANG_WARN__DUPLICATE_METHOD_MATCH = YES;
				"CODE_SIGN_IDENTITY[sdk=iphoneos*]" = "iPhone Developer";
				COPY_PHASE_STRIP = NO;
				DEBUG_INFORMATION_FORMAT = "dwarf-with-dsym";
				ENABLE_NS_ASSERTIONS = NO;
				ENABLE_STRICT_OBJC_MSGSEND = YES;
				GCC_C_LANGUAGE_STANDARD = gnu99;
				GCC_NO_COMMON_BLOCKS = YES;
				GCC_WARN_64_TO_32_BIT_CONVERSION = YES;
				GCC_WARN_ABOUT_RETURN_TYPE = YES_ERROR;
				GCC_WARN_UNDECLARED_SELECTOR = YES;
				GCC_WARN_UNINITIALIZED_AUTOS = YES_AGGRESSIVE;
				GCC_WARN_UNUSED_FUNCTION = YES;
				GCC_WARN_UNUSED_VARIABLE = YES;
				IPHONEOS_DEPLOYMENT_TARGET = 9.3;
				MTL_ENABLE_DEBUG_INFO = NO;
				SDKROOT = iphoneos;
				SWIFT_OPTIMIZATION_LEVEL = "-Owholemodule";
				SWIFT_VERSION = 4.0;
				VALIDATE_PRODUCT = YES;
			};
			name = Release;
		};
		607FACF01AFB9204008FA782 /* Debug */ = {
			isa = XCBuildConfiguration;
			baseConfigurationReference = 7D240DE9A2A6741727F3E71D /* Pods-SwiftEntryKit_Example.debug.xcconfig */;
			buildSettings = {
				ASSETCATALOG_COMPILER_APPICON_NAME = AppIcon;
				DEVELOPMENT_TEAM = D2LR97ELBQ;
				INFOPLIST_FILE = SwiftEntryKit/Info.plist;
				LD_RUNPATH_SEARCH_PATHS = "$(inherited) @executable_path/Frameworks";
				MODULE_NAME = ExampleApp;
				PRODUCT_BUNDLE_IDENTIFIER = "org.cocoapods.demo.$(PRODUCT_NAME:rfc1034identifier)";
				PRODUCT_NAME = "$(TARGET_NAME)";
				SWIFT_SWIFT3_OBJC_INFERENCE = Default;
				SWIFT_VERSION = 4.0;
			};
			name = Debug;
		};
		607FACF11AFB9204008FA782 /* Release */ = {
			isa = XCBuildConfiguration;
			baseConfigurationReference = 05385903DACAE3FCA44909E1 /* Pods-SwiftEntryKit_Example.release.xcconfig */;
			buildSettings = {
				ASSETCATALOG_COMPILER_APPICON_NAME = AppIcon;
				DEVELOPMENT_TEAM = D2LR97ELBQ;
				INFOPLIST_FILE = SwiftEntryKit/Info.plist;
				LD_RUNPATH_SEARCH_PATHS = "$(inherited) @executable_path/Frameworks";
				MODULE_NAME = ExampleApp;
				PRODUCT_BUNDLE_IDENTIFIER = "org.cocoapods.demo.$(PRODUCT_NAME:rfc1034identifier)";
				PRODUCT_NAME = "$(TARGET_NAME)";
				SWIFT_SWIFT3_OBJC_INFERENCE = Default;
				SWIFT_VERSION = 4.0;
			};
			name = Release;
		};
		607FACF31AFB9204008FA782 /* Debug */ = {
			isa = XCBuildConfiguration;
			baseConfigurationReference = BA5B680FD942D3259984CE41 /* Pods-SwiftEntryKit_Tests.debug.xcconfig */;
			buildSettings = {
				DEVELOPMENT_TEAM = D2LR97ELBQ;
				FRAMEWORK_SEARCH_PATHS = (
					"$(SDKROOT)/Developer/Library/Frameworks",
					"$(inherited)",
				);
				GCC_PREPROCESSOR_DEFINITIONS = (
					"DEBUG=1",
					"$(inherited)",
				);
				INFOPLIST_FILE = Tests/Info.plist;
				LD_RUNPATH_SEARCH_PATHS = "$(inherited) @executable_path/Frameworks @loader_path/Frameworks";
				PRODUCT_BUNDLE_IDENTIFIER = "org.cocoapods.$(PRODUCT_NAME:rfc1034identifier)";
				PRODUCT_NAME = "$(TARGET_NAME)";
				SWIFT_SWIFT3_OBJC_INFERENCE = Default;
				SWIFT_VERSION = 4.0;
			};
			name = Debug;
		};
		607FACF41AFB9204008FA782 /* Release */ = {
			isa = XCBuildConfiguration;
			baseConfigurationReference = 75608D183C872B32D712C255 /* Pods-SwiftEntryKit_Tests.release.xcconfig */;
			buildSettings = {
				DEVELOPMENT_TEAM = D2LR97ELBQ;
				FRAMEWORK_SEARCH_PATHS = (
					"$(SDKROOT)/Developer/Library/Frameworks",
					"$(inherited)",
				);
				INFOPLIST_FILE = Tests/Info.plist;
				LD_RUNPATH_SEARCH_PATHS = "$(inherited) @executable_path/Frameworks @loader_path/Frameworks";
				PRODUCT_BUNDLE_IDENTIFIER = "org.cocoapods.$(PRODUCT_NAME:rfc1034identifier)";
				PRODUCT_NAME = "$(TARGET_NAME)";
				SWIFT_SWIFT3_OBJC_INFERENCE = Default;
				SWIFT_VERSION = 4.0;
			};
			name = Release;
		};
/* End XCBuildConfiguration section */

/* Begin XCConfigurationList section */
		607FACCB1AFB9204008FA782 /* Build configuration list for PBXProject "SwiftEntryKit" */ = {
			isa = XCConfigurationList;
			buildConfigurations = (
				607FACED1AFB9204008FA782 /* Debug */,
				607FACEE1AFB9204008FA782 /* Release */,
			);
			defaultConfigurationIsVisible = 0;
			defaultConfigurationName = Release;
		};
		607FACEF1AFB9204008FA782 /* Build configuration list for PBXNativeTarget "SwiftEntryKit_Example" */ = {
			isa = XCConfigurationList;
			buildConfigurations = (
				607FACF01AFB9204008FA782 /* Debug */,
				607FACF11AFB9204008FA782 /* Release */,
			);
			defaultConfigurationIsVisible = 0;
			defaultConfigurationName = Release;
		};
		607FACF21AFB9204008FA782 /* Build configuration list for PBXNativeTarget "SwiftEntryKit_Tests" */ = {
			isa = XCConfigurationList;
			buildConfigurations = (
				607FACF31AFB9204008FA782 /* Debug */,
				607FACF41AFB9204008FA782 /* Release */,
			);
			defaultConfigurationIsVisible = 0;
			defaultConfigurationName = Release;
		};
/* End XCConfigurationList section */
	};
	rootObject = 607FACC81AFB9204008FA782 /* Project object */;
}
